// !$*UTF8*$!
{
	archiveVersion = 1;
	classes = {
	};
	objectVersion = 50;
	objects = {

/* Begin PBXBuildFile section */
		5863C470232C7A3B00B3E852 /* MapViewController.swift in Sources */ = {isa = PBXBuildFile; fileRef = 5863C46F232C7A3B00B3E852 /* MapViewController.swift */; };
		5863C473232C891800B3E852 /* FlickerClient.swift in Sources */ = {isa = PBXBuildFile; fileRef = 5863C472232C891800B3E852 /* FlickerClient.swift */; };
		5863C478232C99EB00B3E852 /* PictureReponse.swift in Sources */ = {isa = PBXBuildFile; fileRef = 5863C477232C99EB00B3E852 /* PictureReponse.swift */; };
		5863C47B232C9CC100B3E852 /* Photo.swift in Sources */ = {isa = PBXBuildFile; fileRef = 5863C47A232C9CC100B3E852 /* Photo.swift */; };
		5863C47D232D4A4D00B3E852 /* Location.swift in Sources */ = {isa = PBXBuildFile; fileRef = 5863C47C232D4A4D00B3E852 /* Location.swift */; };
		5863C480232D68B800B3E852 /* VirtualTourist.xcdatamodeld in Sources */ = {isa = PBXBuildFile; fileRef = 5863C47E232D68B800B3E852 /* VirtualTourist.xcdatamodeld */; };
		5863C482232D6EEB00B3E852 /* DataController.swift in Sources */ = {isa = PBXBuildFile; fileRef = 5863C481232D6EEB00B3E852 /* DataController.swift */; };
		5863C485232D90DF00B3E852 /* LocationD+Extensions.swift in Sources */ = {isa = PBXBuildFile; fileRef = 5863C484232D90DF00B3E852 /* LocationD+Extensions.swift */; };
		5863C487232D90F400B3E852 /* PhotoD+Extensions.swift in Sources */ = {isa = PBXBuildFile; fileRef = 5863C486232D90F400B3E852 /* PhotoD+Extensions.swift */; };
		5863C489232DD02E00B3E852 /* PhotoAlbunViewController.swift in Sources */ = {isa = PBXBuildFile; fileRef = 5863C488232DD02E00B3E852 /* PhotoAlbunViewController.swift */; };
		5863C48B232DD55400B3E852 /* PhotoCollectionViewCell.swift in Sources */ = {isa = PBXBuildFile; fileRef = 5863C48A232DD55400B3E852 /* PhotoCollectionViewCell.swift */; };
		588739AB23289DA300C651E3 /* AppDelegate.swift in Sources */ = {isa = PBXBuildFile; fileRef = 588739AA23289DA300C651E3 /* AppDelegate.swift */; };
		588739B023289DA300C651E3 /* Main.storyboard in Resources */ = {isa = PBXBuildFile; fileRef = 588739AE23289DA300C651E3 /* Main.storyboard */; };
		588739B223289DA300C651E3 /* Assets.xcassets in Resources */ = {isa = PBXBuildFile; fileRef = 588739B123289DA300C651E3 /* Assets.xcassets */; };
		588739B523289DA300C651E3 /* LaunchScreen.storyboard in Resources */ = {isa = PBXBuildFile; fileRef = 588739B323289DA300C651E3 /* LaunchScreen.storyboard */; };
/* End PBXBuildFile section */

/* Begin PBXFileReference section */
		5863C46F232C7A3B00B3E852 /* MapViewController.swift */ = {isa = PBXFileReference; lastKnownFileType = sourcecode.swift; path = MapViewController.swift; sourceTree = "<group>"; };
		5863C472232C891800B3E852 /* FlickerClient.swift */ = {isa = PBXFileReference; lastKnownFileType = sourcecode.swift; path = FlickerClient.swift; sourceTree = "<group>"; };
		5863C477232C99EB00B3E852 /* PictureReponse.swift */ = {isa = PBXFileReference; lastKnownFileType = sourcecode.swift; path = PictureReponse.swift; sourceTree = "<group>"; };
		5863C47A232C9CC100B3E852 /* Photo.swift */ = {isa = PBXFileReference; lastKnownFileType = sourcecode.swift; path = Photo.swift; sourceTree = "<group>"; };
		5863C47C232D4A4D00B3E852 /* Location.swift */ = {isa = PBXFileReference; lastKnownFileType = sourcecode.swift; path = Location.swift; sourceTree = "<group>"; };
		5863C47F232D68B800B3E852 /* Location.xcdatamodel */ = {isa = PBXFileReference; lastKnownFileType = wrapper.xcdatamodel; path = Location.xcdatamodel; sourceTree = "<group>"; };
		5863C481232D6EEB00B3E852 /* DataController.swift */ = {isa = PBXFileReference; lastKnownFileType = sourcecode.swift; path = DataController.swift; sourceTree = "<group>"; };
		5863C484232D90DF00B3E852 /* LocationD+Extensions.swift */ = {isa = PBXFileReference; lastKnownFileType = sourcecode.swift; path = "LocationD+Extensions.swift"; sourceTree = "<group>"; };
		5863C486232D90F400B3E852 /* PhotoD+Extensions.swift */ = {isa = PBXFileReference; lastKnownFileType = sourcecode.swift; path = "PhotoD+Extensions.swift"; sourceTree = "<group>"; };
		5863C488232DD02E00B3E852 /* PhotoAlbunViewController.swift */ = {isa = PBXFileReference; lastKnownFileType = sourcecode.swift; path = PhotoAlbunViewController.swift; sourceTree = "<group>"; };
		5863C48A232DD55400B3E852 /* PhotoCollectionViewCell.swift */ = {isa = PBXFileReference; lastKnownFileType = sourcecode.swift; path = PhotoCollectionViewCell.swift; sourceTree = "<group>"; };
		588739A723289DA300C651E3 /* VirtualTourist.app */ = {isa = PBXFileReference; explicitFileType = wrapper.application; includeInIndex = 0; path = VirtualTourist.app; sourceTree = BUILT_PRODUCTS_DIR; };
		588739AA23289DA300C651E3 /* AppDelegate.swift */ = {isa = PBXFileReference; lastKnownFileType = sourcecode.swift; path = AppDelegate.swift; sourceTree = "<group>"; };
		588739AF23289DA300C651E3 /* Base */ = {isa = PBXFileReference; lastKnownFileType = file.storyboard; name = Base; path = Base.lproj/Main.storyboard; sourceTree = "<group>"; };
		588739B123289DA300C651E3 /* Assets.xcassets */ = {isa = PBXFileReference; lastKnownFileType = folder.assetcatalog; path = Assets.xcassets; sourceTree = "<group>"; };
		588739B423289DA300C651E3 /* Base */ = {isa = PBXFileReference; lastKnownFileType = file.storyboard; name = Base; path = Base.lproj/LaunchScreen.storyboard; sourceTree = "<group>"; };
		588739B623289DA300C651E3 /* Info.plist */ = {isa = PBXFileReference; lastKnownFileType = text.plist.xml; path = Info.plist; sourceTree = "<group>"; };
/* End PBXFileReference section */

/* Begin PBXFrameworksBuildPhase section */
		588739A423289DA300C651E3 /* Frameworks */ = {
			isa = PBXFrameworksBuildPhase;
			buildActionMask = 2147483647;
			files = (
			);
			runOnlyForDeploymentPostprocessing = 0;
		};
/* End PBXFrameworksBuildPhase section */

/* Begin PBXGroup section */
		5863C468232C76C300B3E852 /* Storyboards */ = {
			isa = PBXGroup;
			children = (
				588739AE23289DA300C651E3 /* Main.storyboard */,
				588739B323289DA300C651E3 /* LaunchScreen.storyboard */,
			);
			path = Storyboards;
			sourceTree = "<group>";
		};
		5863C469232C76EA00B3E852 /* Assets */ = {
			isa = PBXGroup;
			children = (
				588739B123289DA300C651E3 /* Assets.xcassets */,
			);
			path = Assets;
			sourceTree = "<group>";
		};
		5863C46A232C76FA00B3E852 /* Controllers */ = {
			isa = PBXGroup;
			children = (
				5863C46F232C7A3B00B3E852 /* MapViewController.swift */,
				5863C488232DD02E00B3E852 /* PhotoAlbunViewController.swift */,
				5863C48A232DD55400B3E852 /* PhotoCollectionViewCell.swift */,
			);
			path = Controllers;
			sourceTree = "<group>";
		};
		5863C46B232C771F00B3E852 /* Views */ = {
			isa = PBXGroup;
			children = (
			);
			path = Views;
			sourceTree = "<group>";
		};
		5863C46C232C773000B3E852 /* Model */ = {
			isa = PBXGroup;
			children = (
				5863C479232C9CB100B3E852 /* Data */,
				5863C476232C99B400B3E852 /* Response */,
				5863C471232C88EE00B3E852 /* Client */,
			);
			path = Model;
			sourceTree = "<group>";
		};
		5863C471232C88EE00B3E852 /* Client */ = {
			isa = PBXGroup;
			children = (
				5863C472232C891800B3E852 /* FlickerClient.swift */,
			);
			path = Client;
			sourceTree = "<group>";
		};
		5863C476232C99B400B3E852 /* Response */ = {
			isa = PBXGroup;
			children = (
				5863C477232C99EB00B3E852 /* PictureReponse.swift */,
			);
			path = Response;
			sourceTree = "<group>";
		};
		5863C479232C9CB100B3E852 /* Data */ = {
			isa = PBXGroup;
			children = (
				5863C483232D90AC00B3E852 /* Managed Object Extensions */,
				5863C47A232C9CC100B3E852 /* Photo.swift */,
				5863C47C232D4A4D00B3E852 /* Location.swift */,
				5863C47E232D68B800B3E852 /* VirtualTourist.xcdatamodeld */,
				5863C481232D6EEB00B3E852 /* DataController.swift */,
			);
			path = Data;
			sourceTree = "<group>";
		};
		5863C483232D90AC00B3E852 /* Managed Object Extensions */ = {
			isa = PBXGroup;
			children = (
				5863C484232D90DF00B3E852 /* LocationD+Extensions.swift */,
				5863C486232D90F400B3E852 /* PhotoD+Extensions.swift */,
			);
			path = "Managed Object Extensions";
			sourceTree = "<group>";
		};
		5887399E23289DA200C651E3 = {
			isa = PBXGroup;
			children = (
				588739A923289DA300C651E3 /* VirtualTourist */,
				588739A823289DA300C651E3 /* Products */,
			);
			sourceTree = "<group>";
		};
		588739A823289DA300C651E3 /* Products */ = {
			isa = PBXGroup;
			children = (
				588739A723289DA300C651E3 /* VirtualTourist.app */,
			);
			name = Products;
			sourceTree = "<group>";
		};
		588739A923289DA300C651E3 /* VirtualTourist */ = {
			isa = PBXGroup;
			children = (
				588739AA23289DA300C651E3 /* AppDelegate.swift */,
				588739B623289DA300C651E3 /* Info.plist */,
				5863C46B232C771F00B3E852 /* Views */,
				5863C46C232C773000B3E852 /* Model */,
				5863C46A232C76FA00B3E852 /* Controllers */,
				5863C468232C76C300B3E852 /* Storyboards */,
				5863C469232C76EA00B3E852 /* Assets */,
			);
			path = VirtualTourist;
			sourceTree = "<group>";
		};
/* End PBXGroup section */

/* Begin PBXNativeTarget section */
		588739A623289DA300C651E3 /* VirtualTourist */ = {
			isa = PBXNativeTarget;
			buildConfigurationList = 588739B923289DA300C651E3 /* Build configuration list for PBXNativeTarget "VirtualTourist" */;
			buildPhases = (
				588739A323289DA300C651E3 /* Sources */,
				588739A423289DA300C651E3 /* Frameworks */,
				588739A523289DA300C651E3 /* Resources */,
			);
			buildRules = (
			);
			dependencies = (
			);
			name = VirtualTourist;
			productName = VirtualTourist;
			productReference = 588739A723289DA300C651E3 /* VirtualTourist.app */;
			productType = "com.apple.product-type.application";
		};
/* End PBXNativeTarget section */

/* Begin PBXProject section */
		5887399F23289DA200C651E3 /* Project object */ = {
			isa = PBXProject;
			attributes = {
				LastSwiftUpdateCheck = 1030;
				LastUpgradeCheck = 1030;
				ORGANIZATIONNAME = Capi;
				TargetAttributes = {
					588739A623289DA300C651E3 = {
						CreatedOnToolsVersion = 10.3;
					};
				};
			};
			buildConfigurationList = 588739A223289DA200C651E3 /* Build configuration list for PBXProject "VirtualTourist" */;
			compatibilityVersion = "Xcode 9.3";
			developmentRegion = en;
			hasScannedForEncodings = 0;
			knownRegions = (
				en,
				Base,
			);
			mainGroup = 5887399E23289DA200C651E3;
			productRefGroup = 588739A823289DA300C651E3 /* Products */;
			projectDirPath = "";
			projectRoot = "";
			targets = (
				588739A623289DA300C651E3 /* VirtualTourist */,
			);
		};
/* End PBXProject section */

/* Begin PBXResourcesBuildPhase section */
		588739A523289DA300C651E3 /* Resources */ = {
			isa = PBXResourcesBuildPhase;
			buildActionMask = 2147483647;
			files = (
				588739B523289DA300C651E3 /* LaunchScreen.storyboard in Resources */,
				588739B223289DA300C651E3 /* Assets.xcassets in Resources */,
				588739B023289DA300C651E3 /* Main.storyboard in Resources */,
			);
			runOnlyForDeploymentPostprocessing = 0;
		};
/* End PBXResourcesBuildPhase section */

/* Begin PBXSourcesBuildPhase section */
		588739A323289DA300C651E3 /* Sources */ = {
			isa = PBXSourcesBuildPhase;
			buildActionMask = 2147483647;
			files = (
				588739AB23289DA300C651E3 /* AppDelegate.swift in Sources */,
				5863C473232C891800B3E852 /* FlickerClient.swift in Sources */,
				5863C470232C7A3B00B3E852 /* MapViewController.swift in Sources */,
				5863C485232D90DF00B3E852 /* LocationD+Extensions.swift in Sources */,
				5863C478232C99EB00B3E852 /* PictureReponse.swift in Sources */,
				5863C48B232DD55400B3E852 /* PhotoCollectionViewCell.swift in Sources */,
				5863C487232D90F400B3E852 /* PhotoD+Extensions.swift in Sources */,
				5863C480232D68B800B3E852 /* VirtualTourist.xcdatamodeld in Sources */,
				5863C482232D6EEB00B3E852 /* DataController.swift in Sources */,
				5863C47D232D4A4D00B3E852 /* Location.swift in Sources */,
				5863C47B232C9CC100B3E852 /* Photo.swift in Sources */,
				5863C489232DD02E00B3E852 /* PhotoAlbunViewController.swift in Sources */,
			);
			runOnlyForDeploymentPostprocessing = 0;
		};
/* End PBXSourcesBuildPhase section */

/* Begin PBXVariantGroup section */
		588739AE23289DA300C651E3 /* Main.storyboard */ = {
			isa = PBXVariantGroup;
			children = (
				588739AF23289DA300C651E3 /* Base */,
			);
			name = Main.storyboard;
			sourceTree = "<group>";
		};
		588739B323289DA300C651E3 /* LaunchScreen.storyboard */ = {
			isa = PBXVariantGroup;
			children = (
				588739B423289DA300C651E3 /* Base */,
			);
			name = LaunchScreen.storyboard;
			sourceTree = "<group>";
		};
/* End PBXVariantGroup section */

/* Begin XCBuildConfiguration section */
		588739B723289DA300C651E3 /* Debug */ = {
			isa = XCBuildConfiguration;
			buildSettings = {
				ALWAYS_SEARCH_USER_PATHS = NO;
				CLANG_ANALYZER_NONNULL = YES;
				CLANG_ANALYZER_NUMBER_OBJECT_CONVERSION = YES_AGGRESSIVE;
				CLANG_CXX_LANGUAGE_STANDARD = "gnu++14";
				CLANG_CXX_LIBRARY = "libc++";
				CLANG_ENABLE_MODULES = YES;
				CLANG_ENABLE_OBJC_ARC = YES;
				CLANG_ENABLE_OBJC_WEAK = YES;
				CLANG_WARN_BLOCK_CAPTURE_AUTORELEASING = YES;
				CLANG_WARN_BOOL_CONVERSION = YES;
				CLANG_WARN_COMMA = YES;
				CLANG_WARN_CONSTANT_CONVERSION = YES;
				CLANG_WARN_DEPRECATED_OBJC_IMPLEMENTATIONS = YES;
				CLANG_WARN_DIRECT_OBJC_ISA_USAGE = YES_ERROR;
				CLANG_WARN_DOCUMENTATION_COMMENTS = YES;
				CLANG_WARN_EMPTY_BODY = YES;
				CLANG_WARN_ENUM_CONVERSION = YES;
				CLANG_WARN_INFINITE_RECURSION = YES;
				CLANG_WARN_INT_CONVERSION = YES;
				CLANG_WARN_NON_LITERAL_NULL_CONVERSION = YES;
				CLANG_WARN_OBJC_IMPLICIT_RETAIN_SELF = YES;
				CLANG_WARN_OBJC_LITERAL_CONVERSION = YES;
				CLANG_WARN_OBJC_ROOT_CLASS = YES_ERROR;
				CLANG_WARN_RANGE_LOOP_ANALYSIS = YES;
				CLANG_WARN_STRICT_PROTOTYPES = YES;
				CLANG_WARN_SUSPICIOUS_MOVE = YES;
				CLANG_WARN_UNGUARDED_AVAILABILITY = YES_AGGRESSIVE;
				CLANG_WARN_UNREACHABLE_CODE = YES;
				CLANG_WARN__DUPLICATE_METHOD_MATCH = YES;
				CODE_SIGN_IDENTITY = "iPhone Developer";
				COPY_PHASE_STRIP = NO;
				DEBUG_INFORMATION_FORMAT = dwarf;
				ENABLE_STRICT_OBJC_MSGSEND = YES;
				ENABLE_TESTABILITY = YES;
				GCC_C_LANGUAGE_STANDARD = gnu11;
				GCC_DYNAMIC_NO_PIC = NO;
				GCC_NO_COMMON_BLOCKS = YES;
				GCC_OPTIMIZATION_LEVEL = 0;
				GCC_PREPROCESSOR_DEFINITIONS = (
					"DEBUG=1",
					"$(inherited)",
				);
				GCC_WARN_64_TO_32_BIT_CONVERSION = YES;
				GCC_WARN_ABOUT_RETURN_TYPE = YES_ERROR;
				GCC_WARN_UNDECLARED_SELECTOR = YES;
				GCC_WARN_UNINITIALIZED_AUTOS = YES_AGGRESSIVE;
				GCC_WARN_UNUSED_FUNCTION = YES;
				GCC_WARN_UNUSED_VARIABLE = YES;
				IPHONEOS_DEPLOYMENT_TARGET = 12.4;
				MTL_ENABLE_DEBUG_INFO = INCLUDE_SOURCE;
				MTL_FAST_MATH = YES;
				ONLY_ACTIVE_ARCH = YES;
				SDKROOT = iphoneos;
				SWIFT_ACTIVE_COMPILATION_CONDITIONS = DEBUG;
				SWIFT_OPTIMIZATION_LEVEL = "-Onone";
			};
			name = Debug;
		};
		588739B823289DA300C651E3 /* Release */ = {
			isa = XCBuildConfiguration;
			buildSettings = {
				ALWAYS_SEARCH_USER_PATHS = NO;
				CLANG_ANALYZER_NONNULL = YES;
				CLANG_ANALYZER_NUMBER_OBJECT_CONVERSION = YES_AGGRESSIVE;
				CLANG_CXX_LANGUAGE_STANDARD = "gnu++14";
				CLANG_CXX_LIBRARY = "libc++";
				CLANG_ENABLE_MODULES = YES;
				CLANG_ENABLE_OBJC_ARC = YES;
				CLANG_ENABLE_OBJC_WEAK = YES;
				CLANG_WARN_BLOCK_CAPTURE_AUTORELEASING = YES;
				CLANG_WARN_BOOL_CONVERSION = YES;
				CLANG_WARN_COMMA = YES;
				CLANG_WARN_CONSTANT_CONVERSION = YES;
				CLANG_WARN_DEPRECATED_OBJC_IMPLEMENTATIONS = YES;
				CLANG_WARN_DIRECT_OBJC_ISA_USAGE = YES_ERROR;
				CLANG_WARN_DOCUMENTATION_COMMENTS = YES;
				CLANG_WARN_EMPTY_BODY = YES;
				CLANG_WARN_ENUM_CONVERSION = YES;
				CLANG_WARN_INFINITE_RECURSION = YES;
				CLANG_WARN_INT_CONVERSION = YES;
				CLANG_WARN_NON_LITERAL_NULL_CONVERSION = YES;
				CLANG_WARN_OBJC_IMPLICIT_RETAIN_SELF = YES;
				CLANG_WARN_OBJC_LITERAL_CONVERSION = YES;
				CLANG_WARN_OBJC_ROOT_CLASS = YES_ERROR;
				CLANG_WARN_RANGE_LOOP_ANALYSIS = YES;
				CLANG_WARN_STRICT_PROTOTYPES = YES;
				CLANG_WARN_SUSPICIOUS_MOVE = YES;
				CLANG_WARN_UNGUARDED_AVAILABILITY = YES_AGGRESSIVE;
				CLANG_WARN_UNREACHABLE_CODE = YES;
				CLANG_WARN__DUPLICATE_METHOD_MATCH = YES;
				CODE_SIGN_IDENTITY = "iPhone Developer";
				COPY_PHASE_STRIP = NO;
				DEBUG_INFORMATION_FORMAT = "dwarf-with-dsym";
				ENABLE_NS_ASSERTIONS = NO;
				ENABLE_STRICT_OBJC_MSGSEND = YES;
				GCC_C_LANGUAGE_STANDARD = gnu11;
				GCC_NO_COMMON_BLOCKS = YES;
				GCC_WARN_64_TO_32_BIT_CONVERSION = YES;
				GCC_WARN_ABOUT_RETURN_TYPE = YES_ERROR;
				GCC_WARN_UNDECLARED_SELECTOR = YES;
				GCC_WARN_UNINITIALIZED_AUTOS = YES_AGGRESSIVE;
				GCC_WARN_UNUSED_FUNCTION = YES;
				GCC_WARN_UNUSED_VARIABLE = YES;
				IPHONEOS_DEPLOYMENT_TARGET = 12.4;
				MTL_ENABLE_DEBUG_INFO = NO;
				MTL_FAST_MATH = YES;
				SDKROOT = iphoneos;
				SWIFT_COMPILATION_MODE = wholemodule;
				SWIFT_OPTIMIZATION_LEVEL = "-O";
				VALIDATE_PRODUCT = YES;
			};
			name = Release;
		};
		588739BA23289DA300C651E3 /* Debug */ = {
			isa = XCBuildConfiguration;
			buildSettings = {
				ASSETCATALOG_COMPILER_APPICON_NAME = AppIcon;
				CODE_SIGN_STYLE = Automatic;
				DEVELOPMENT_TEAM = CU54LZP3QM;
				INFOPLIST_FILE = VirtualTourist/Info.plist;
				LD_RUNPATH_SEARCH_PATHS = (
					"$(inherited)",
					"@executable_path/Frameworks",
				);
				PRODUCT_BUNDLE_IDENTIFIER = com.capi.VirtualTourist;
				PRODUCT_NAME = "$(TARGET_NAME)";
				SWIFT_VERSION = 5.0;
				TARGETED_DEVICE_FAMILY = "1,2";
			};
			name = Debug;
		};
		588739BB23289DA300C651E3 /* Release */ = {
			isa = XCBuildConfiguration;
			buildSettings = {
				ASSETCATALOG_COMPILER_APPICON_NAME = AppIcon;
				CODE_SIGN_STYLE = Automatic;
				DEVELOPMENT_TEAM = CU54LZP3QM;
				INFOPLIST_FILE = VirtualTourist/Info.plist;
				LD_RUNPATH_SEARCH_PATHS = (
					"$(inherited)",
					"@executable_path/Frameworks",
				);
				PRODUCT_BUNDLE_IDENTIFIER = com.capi.VirtualTourist;
				PRODUCT_NAME = "$(TARGET_NAME)";
				SWIFT_VERSION = 5.0;
				TARGETED_DEVICE_FAMILY = "1,2";
			};
			name = Release;
		};
/* End XCBuildConfiguration section */

/* Begin XCConfigurationList section */
		588739A223289DA200C651E3 /* Build configuration list for PBXProject "VirtualTourist" */ = {
			isa = XCConfigurationList;
			buildConfigurations = (
				588739B723289DA300C651E3 /* Debug */,
				588739B823289DA300C651E3 /* Release */,
			);
			defaultConfigurationIsVisible = 0;
			defaultConfigurationName = Release;
		};
		588739B923289DA300C651E3 /* Build configuration list for PBXNativeTarget "VirtualTourist" */ = {
			isa = XCConfigurationList;
			buildConfigurations = (
				588739BA23289DA300C651E3 /* Debug */,
				588739BB23289DA300C651E3 /* Release */,
			);
			defaultConfigurationIsVisible = 0;
			defaultConfigurationName = Release;
		};
/* End XCConfigurationList section */

/* Begin XCVersionGroup section */
		5863C47E232D68B800B3E852 /* VirtualTourist.xcdatamodeld */ = {
			isa = XCVersionGroup;
			children = (
				5863C47F232D68B800B3E852 /* Location.xcdatamodel */,
			);
			currentVersion = 5863C47F232D68B800B3E852 /* Location.xcdatamodel */;
			path = VirtualTourist.xcdatamodeld;
			sourceTree = "<group>";
			versionGroupType = wrapper.xcdatamodel;
		};
/* End XCVersionGroup section */
	};
	rootObject = 5887399F23289DA200C651E3 /* Project object */;
}
